// !$*UTF8*$!
{
	archiveVersion = 1;
	classes = {
	};
	objectVersion = 48;
	objects = {

/* Begin PBXBuildFile section */
		9019FDE6203860AD00063775 /* Item.swift in Sources */ = {isa = PBXBuildFile; fileRef = 9019FDE5203860AD00063775 /* Item.swift */; };
		90A2BD95203710390044A561 /* AppDelegate.swift in Sources */ = {isa = PBXBuildFile; fileRef = 90A2BD94203710390044A561 /* AppDelegate.swift */; };
		90A2BD97203710390044A561 /* TodoListViewController.swift in Sources */ = {isa = PBXBuildFile; fileRef = 90A2BD96203710390044A561 /* TodoListViewController.swift */; };
		90A2BD9A203710390044A561 /* Main.storyboard in Resources */ = {isa = PBXBuildFile; fileRef = 90A2BD98203710390044A561 /* Main.storyboard */; };
		90A2BD9C203710390044A561 /* Assets.xcassets in Resources */ = {isa = PBXBuildFile; fileRef = 90A2BD9B203710390044A561 /* Assets.xcassets */; };
		90A2BD9F203710390044A561 /* LaunchScreen.storyboard in Resources */ = {isa = PBXBuildFile; fileRef = 90A2BD9D203710390044A561 /* LaunchScreen.storyboard */; };
/* End PBXBuildFile section */

/* Begin PBXFileReference section */
		9019FDE5203860AD00063775 /* Item.swift */ = {isa = PBXFileReference; lastKnownFileType = sourcecode.swift; path = Item.swift; sourceTree = "<group>"; };
		90A2BD91203710390044A561 /* Todoey 2.app */ = {isa = PBXFileReference; explicitFileType = wrapper.application; includeInIndex = 0; path = "Todoey 2.app"; sourceTree = BUILT_PRODUCTS_DIR; };
		90A2BD94203710390044A561 /* AppDelegate.swift */ = {isa = PBXFileReference; lastKnownFileType = sourcecode.swift; path = AppDelegate.swift; sourceTree = "<group>"; };
		90A2BD96203710390044A561 /* TodoListViewController.swift */ = {isa = PBXFileReference; lastKnownFileType = sourcecode.swift; path = TodoListViewController.swift; sourceTree = "<group>"; };
		90A2BD99203710390044A561 /* Base */ = {isa = PBXFileReference; lastKnownFileType = file.storyboard; name = Base; path = Base.lproj/Main.storyboard; sourceTree = "<group>"; };
		90A2BD9B203710390044A561 /* Assets.xcassets */ = {isa = PBXFileReference; lastKnownFileType = folder.assetcatalog; path = Assets.xcassets; sourceTree = "<group>"; };
		90A2BD9E203710390044A561 /* Base */ = {isa = PBXFileReference; lastKnownFileType = file.storyboard; name = Base; path = Base.lproj/LaunchScreen.storyboard; sourceTree = "<group>"; };
		90A2BDA0203710390044A561 /* Info.plist */ = {isa = PBXFileReference; lastKnownFileType = text.plist.xml; path = Info.plist; sourceTree = "<group>"; };
/* End PBXFileReference section */

/* Begin PBXFrameworksBuildPhase section */
		90A2BD8E203710390044A561 /* Frameworks */ = {
			isa = PBXFrameworksBuildPhase;
			buildActionMask = 2147483647;
			files = (
			);
			runOnlyForDeploymentPostprocessing = 0;
		};
/* End PBXFrameworksBuildPhase section */

/* Begin PBXGroup section */
		9019FDE7203860F000063775 /* Data Model */ = {
			isa = PBXGroup;
			children = (
				9019FDE5203860AD00063775 /* Item.swift */,
			);
			path = "Data Model";
			sourceTree = "<group>";
		};
		9019FDE8203860F900063775 /* Controllers */ = {
			isa = PBXGroup;
			children = (
				90A2BD96203710390044A561 /* TodoListViewController.swift */,
			);
			path = Controllers;
			sourceTree = "<group>";
		};
		9019FDE92038610800063775 /* Views */ = {
			isa = PBXGroup;
			children = (
				90A2BD98203710390044A561 /* Main.storyboard */,
			);
			path = Views;
			sourceTree = "<group>";
		};
		9019FDEA2038612400063775 /* Supporting Files */ = {
			isa = PBXGroup;
			children = (
				90A2BD9B203710390044A561 /* Assets.xcassets */,
				90A2BD9D203710390044A561 /* LaunchScreen.storyboard */,
			);
			path = "Supporting Files";
			sourceTree = "<group>";
		};
		90A2BD88203710390044A561 = {
			isa = PBXGroup;
			children = (
				90A2BD93203710390044A561 /* Todoey 2 */,
				90A2BD92203710390044A561 /* Products */,
			);
			sourceTree = "<group>";
		};
		90A2BD92203710390044A561 /* Products */ = {
			isa = PBXGroup;
			children = (
				90A2BD91203710390044A561 /* Todoey 2.app */,
			);
			name = Products;
			sourceTree = "<group>";
		};
		90A2BD93203710390044A561 /* Todoey 2 */ = {
			isa = PBXGroup;
			children = (
				90A2BD94203710390044A561 /* AppDelegate.swift */,
				9019FDE8203860F900063775 /* Controllers */,
				9019FDE7203860F000063775 /* Data Model */,
				9019FDE92038610800063775 /* Views */,
				9019FDEA2038612400063775 /* Supporting Files */,
				90A2BDA0203710390044A561 /* Info.plist */,
			);
			path = "Todoey 2";
			sourceTree = "<group>";
		};
/* End PBXGroup section */

/* Begin PBXNativeTarget section */
		90A2BD90203710390044A561 /* Todoey 2 */ = {
			isa = PBXNativeTarget;
			buildConfigurationList = 90A2BDA3203710390044A561 /* Build configuration list for PBXNativeTarget "Todoey 2" */;
			buildPhases = (
				90A2BD8D203710390044A561 /* Sources */,
				90A2BD8E203710390044A561 /* Frameworks */,
				90A2BD8F203710390044A561 /* Resources */,
			);
			buildRules = (
			);
			dependencies = (
			);
			name = "Todoey 2";
			productName = "Todoey 2";
			productReference = 90A2BD91203710390044A561 /* Todoey 2.app */;
			productType = "com.apple.product-type.application";
		};
/* End PBXNativeTarget section */

/* Begin PBXProject section */
		90A2BD89203710390044A561 /* Project object */ = {
			isa = PBXProject;
			attributes = {
				LastSwiftUpdateCheck = 0920;
				LastUpgradeCheck = 0920;
				ORGANIZATIONNAME = "Matan Dahan";
				TargetAttributes = {
					90A2BD90203710390044A561 = {
						CreatedOnToolsVersion = 9.2;
						ProvisioningStyle = Automatic;
					};
				};
			};
			buildConfigurationList = 90A2BD8C203710390044A561 /* Build configuration list for PBXProject "Todoey 2" */;
			compatibilityVersion = "Xcode 8.0";
			developmentRegion = en;
			hasScannedForEncodings = 0;
			knownRegions = (
				en,
				Base,
			);
			mainGroup = 90A2BD88203710390044A561;
			productRefGroup = 90A2BD92203710390044A561 /* Products */;
			projectDirPath = "";
			projectRoot = "";
			targets = (
				90A2BD90203710390044A561 /* Todoey 2 */,
			);
		};
/* End PBXProject section */

/* Begin PBXResourcesBuildPhase section */
		90A2BD8F203710390044A561 /* Resources */ = {
			isa = PBXResourcesBuildPhase;
			buildActionMask = 2147483647;
			files = (
				90A2BD9F203710390044A561 /* LaunchScreen.storyboard in Resources */,
				90A2BD9C203710390044A561 /* Assets.xcassets in Resources */,
				90A2BD9A203710390044A561 /* Main.storyboard in Resources */,
			);
			runOnlyForDeploymentPostprocessing = 0;
		};
/* End PBXResourcesBuildPhase section */

/* Begin PBXSourcesBuildPhase section */
		90A2BD8D203710390044A561 /* Sources */ = {
			isa = PBXSourcesBuildPhase;
			buildActionMask = 2147483647;
			files = (
				90A2BD97203710390044A561 /* TodoListViewController.swift in Sources */,
				9019FDE6203860AD00063775 /* Item.swift in Sources */,
				90A2BD95203710390044A561 /* AppDelegate.swift in Sources */,
			);
			runOnlyForDeploymentPostprocessing = 0;
		};
/* End PBXSourcesBuildPhase section */

/* Begin PBXVariantGroup section */
		90A2BD98203710390044A561 /* Main.storyboard */ = {
			isa = PBXVariantGroup;
			children = (
				90A2BD99203710390044A561 /* Base */,
			);
			name = Main.storyboard;
			sourceTree = "<group>";
		};
		90A2BD9D203710390044A561 /* LaunchScreen.storyboard */ = {
			isa = PBXVariantGroup;
			children = (
				90A2BD9E203710390044A561 /* Base */,
			);
			name = LaunchScreen.storyboard;
			sourceTree = "<group>";
		};
/* End PBXVariantGroup section */

/* Begin XCBuildConfiguration section */
		90A2BDA1203710390044A561 /* Debug */ = {
			isa = XCBuildConfiguration;
			buildSettings = {
				ALWAYS_SEARCH_USER_PATHS = NO;
				CLANG_ANALYZER_NONNULL = YES;
				CLANG_ANALYZER_NUMBER_OBJECT_CONVERSION = YES_AGGRESSIVE;
				CLANG_CXX_LANGUAGE_STANDARD = "gnu++14";
				CLANG_CXX_LIBRARY = "libc++";
				CLANG_ENABLE_MODULES = YES;
				CLANG_ENABLE_OBJC_ARC = YES;
				CLANG_WARN_BLOCK_CAPTURE_AUTORELEASING = YES;
				CLANG_WARN_BOOL_CONVERSION = YES;
				CLANG_WARN_COMMA = YES;
				CLANG_WARN_CONSTANT_CONVERSION = YES;
				CLANG_WARN_DIRECT_OBJC_ISA_USAGE = YES_ERROR;
				CLANG_WARN_DOCUMENTATION_COMMENTS = YES;
				CLANG_WARN_EMPTY_BODY = YES;
				CLANG_WARN_ENUM_CONVERSION = YES;
				CLANG_WARN_INFINITE_RECURSION = YES;
				CLANG_WARN_INT_CONVERSION = YES;
				CLANG_WARN_NON_LITERAL_NULL_CONVERSION = YES;
				CLANG_WARN_OBJC_LITERAL_CONVERSION = YES;
				CLANG_WARN_OBJC_ROOT_CLASS = YES_ERROR;
				CLANG_WARN_RANGE_LOOP_ANALYSIS = YES;
				CLANG_WARN_STRICT_PROTOTYPES = YES;
				CLANG_WARN_SUSPICIOUS_MOVE = YES;
				CLANG_WARN_UNGUARDED_AVAILABILITY = YES_AGGRESSIVE;
				CLANG_WARN_UNREACHABLE_CODE = YES;
				CLANG_WARN__DUPLICATE_METHOD_MATCH = YES;
				CODE_SIGN_IDENTITY = "iPhone Developer";
				COPY_PHASE_STRIP = NO;
				DEBUG_INFORMATION_FORMAT = dwarf;
				ENABLE_STRICT_OBJC_MSGSEND = YES;
				ENABLE_TESTABILITY = YES;
				GCC_C_LANGUAGE_STANDARD = gnu11;
				GCC_DYNAMIC_NO_PIC = NO;
				GCC_NO_COMMON_BLOCKS = YES;
				GCC_OPTIMIZATION_LEVEL = 0;
				GCC_PREPROCESSOR_DEFINITIONS = (
					"DEBUG=1",
					"$(inherited)",
				);
				GCC_WARN_64_TO_32_BIT_CONVERSION = YES;
				GCC_WARN_ABOUT_RETURN_TYPE = YES_ERROR;
				GCC_WARN_UNDECLARED_SELECTOR = YES;
				GCC_WARN_UNINITIALIZED_AUTOS = YES_AGGRESSIVE;
				GCC_WARN_UNUSED_FUNCTION = YES;
				GCC_WARN_UNUSED_VARIABLE = YES;
				IPHONEOS_DEPLOYMENT_TARGET = 11.2;
				MTL_ENABLE_DEBUG_INFO = YES;
				ONLY_ACTIVE_ARCH = YES;
				SDKROOT = iphoneos;
				SWIFT_ACTIVE_COMPILATION_CONDITIONS = DEBUG;
				SWIFT_OPTIMIZATION_LEVEL = "-Onone";
			};
			name = Debug;
		};
		90A2BDA2203710390044A561 /* Release */ = {
			isa = XCBuildConfiguration;
			buildSettings = {
				ALWAYS_SEARCH_USER_PATHS = NO;
				CLANG_ANALYZER_NONNULL = YES;
				CLANG_ANALYZER_NUMBER_OBJECT_CONVERSION = YES_AGGRESSIVE;
				CLANG_CXX_LANGUAGE_STANDARD = "gnu++14";
				CLANG_CXX_LIBRARY = "libc++";
				CLANG_ENABLE_MODULES = YES;
				CLANG_ENABLE_OBJC_ARC = YES;
				CLANG_WARN_BLOCK_CAPTURE_AUTORELEASING = YES;
				CLANG_WARN_BOOL_CONVERSION = YES;
				CLANG_WARN_COMMA = YES;
				CLANG_WARN_CONSTANT_CONVERSION = YES;
				CLANG_WARN_DIRECT_OBJC_ISA_USAGE = YES_ERROR;
				CLANG_WARN_DOCUMENTATION_COMMENTS = YES;
				CLANG_WARN_EMPTY_BODY = YES;
				CLANG_WARN_ENUM_CONVERSION = YES;
				CLANG_WARN_INFINITE_RECURSION = YES;
				CLANG_WARN_INT_CONVERSION = YES;
				CLANG_WARN_NON_LITERAL_NULL_CONVERSION = YES;
				CLANG_WARN_OBJC_LITERAL_CONVERSION = YES;
				CLANG_WARN_OBJC_ROOT_CLASS = YES_ERROR;
				CLANG_WARN_RANGE_LOOP_ANALYSIS = YES;
				CLANG_WARN_STRICT_PROTOTYPES = YES;
				CLANG_WARN_SUSPICIOUS_MOVE = YES;
				CLANG_WARN_UNGUARDED_AVAILABILITY = YES_AGGRESSIVE;
				CLANG_WARN_UNREACHABLE_CODE = YES;
				CLANG_WARN__DUPLICATE_METHOD_MATCH = YES;
				CODE_SIGN_IDENTITY = "iPhone Developer";
				COPY_PHASE_STRIP = NO;
				DEBUG_INFORMATION_FORMAT = "dwarf-with-dsym";
				ENABLE_NS_ASSERTIONS = NO;
				ENABLE_STRICT_OBJC_MSGSEND = YES;
				GCC_C_LANGUAGE_STANDARD = gnu11;
				GCC_NO_COMMON_BLOCKS = YES;
				GCC_WARN_64_TO_32_BIT_CONVERSION = YES;
				GCC_WARN_ABOUT_RETURN_TYPE = YES_ERROR;
				GCC_WARN_UNDECLARED_SELECTOR = YES;
				GCC_WARN_UNINITIALIZED_AUTOS = YES_AGGRESSIVE;
				GCC_WARN_UNUSED_FUNCTION = YES;
				GCC_WARN_UNUSED_VARIABLE = YES;
				IPHONEOS_DEPLOYMENT_TARGET = 11.2;
				MTL_ENABLE_DEBUG_INFO = NO;
				SDKROOT = iphoneos;
				SWIFT_OPTIMIZATION_LEVEL = "-Owholemodule";
				VALIDATE_PRODUCT = YES;
			};
			name = Release;
		};
		90A2BDA4203710390044A561 /* Debug */ = {
			isa = XCBuildConfiguration;
			buildSettings = {
				ASSETCATALOG_COMPILER_APPICON_NAME = AppIcon;
				CODE_SIGN_STYLE = Automatic;
				INFOPLIST_FILE = "Todoey 2/Info.plist";
				LD_RUNPATH_SEARCH_PATHS = "$(inherited) @executable_path/Frameworks";
				PRODUCT_BUNDLE_IDENTIFIER = "com.matandahan.Todoey-2";
				PRODUCT_NAME = "$(TARGET_NAME)";
				SWIFT_VERSION = 4.0;
				TARGETED_DEVICE_FAMILY = "1,2";
			};
			name = Debug;
		};
		90A2BDA5203710390044A561 /* Release */ = {
			isa = XCBuildConfiguration;
			buildSettings = {
				ASSETCATALOG_COMPILER_APPICON_NAME = AppIcon;
				CODE_SIGN_STYLE = Automatic;
				INFOPLIST_FILE = "Todoey 2/Info.plist";
				LD_RUNPATH_SEARCH_PATHS = "$(inherited) @executable_path/Frameworks";
				PRODUCT_BUNDLE_IDENTIFIER = "com.matandahan.Todoey-2";
				PRODUCT_NAME = "$(TARGET_NAME)";
				SWIFT_VERSION = 4.0;
				TARGETED_DEVICE_FAMILY = "1,2";
			};
			name = Release;
		};
/* End XCBuildConfiguration section */

/* Begin XCConfigurationList section */
		90A2BD8C203710390044A561 /* Build configuration list for PBXProject "Todoey 2" */ = {
			isa = XCConfigurationList;
			buildConfigurations = (
				90A2BDA1203710390044A561 /* Debug */,
				90A2BDA2203710390044A561 /* Release */,
			);
			defaultConfigurationIsVisible = 0;
			defaultConfigurationName = Release;
		};
		90A2BDA3203710390044A561 /* Build configuration list for PBXNativeTarget "Todoey 2" */ = {
			isa = XCConfigurationList;
			buildConfigurations = (
				90A2BDA4203710390044A561 /* Debug */,
				90A2BDA5203710390044A561 /* Release */,
			);
			defaultConfigurationIsVisible = 0;
			defaultConfigurationName = Release;
		};
/* End XCConfigurationList section */
	};
	rootObject = 90A2BD89203710390044A561 /* Project object */;
}
